GEM
  remote: https://rubygems.org/
  specs:
    attr_extras (6.2.5)
    colorize (0.8.1)
    diff-lcs (1.5.0)
    optimist (3.0.1)
    patience_diff (1.2.0)
      optimist (~> 3.0)
    pqueue (2.1.0)
    rspec (3.13.0)
      rspec-core (~> 3.13.0)
      rspec-expectations (~> 3.13.0)
      rspec-mocks (~> 3.13.0)
    rspec-core (3.13.3)
      rspec-support (~> 3.13.0)
    rspec-expectations (3.13.3)
      diff-lcs (>= 1.2.0, < 2.0)
      rspec-support (~> 3.13.0)
    rspec-mocks (3.13.2)
      diff-lcs (>= 1.2.0, < 2.0)
      rspec-support (~> 3.13.0)
    rspec-support (3.13.2)
    ruby-progressbar (1.11.0)
    ruby2d (0.12.1)
    set (1.0.2)
    super_diff (0.9.0)
      attr_extras (>= 6.2.4)
      diff-lcs
      patience_diff

PLATFORMS
  arm64-darwin-21
  arm64-darwin-22
  arm64-darwin-23

DEPENDENCIES
  colorize
  pqueue
  rspec
  ruby-progressbar
  ruby2d (~> 0.12.1)
  set
  super_diff

BUNDLED WITH
   2.4.7
